
Microsoft Visual Studio Solution File, Format Version 12.00
# Visual Studio Version 17
VisualStudioVersion = 17.8.34330.188
MinimumVisualStudioVersion = 10.0.40219.1
Project("{FAE04EC0-301F-11D3-BF4B-00C04F79EFBC}") = "TranThaoTrang_31231022291", "TranThaoTrang_31231022291\TranThaoTrang_31231022291.csproj", "{58E0C5EA-E542-42C2-8062-649AB740584C}"
EndProject
Global
	GlobalSection(SolutionConfigurationPlatforms) = preSolution
		Debug|Any CPU = Debug|Any CPU
		Release|Any CPU = Release|Any CPU
	EndGlobalSection
	GlobalSection(ProjectConfigurationPlatforms) = postSolution
		{58E0C5EA-E542-42C2-8062-649AB740584C}.Debug|Any CPU.ActiveCfg = Debug|Any CPU
		{58E0C5EA-E542-42C2-8062-649AB740584C}.Debug|Any CPU.Build.0 = Debug|Any CPU
		{58E0C5EA-E542-42C2-8062-649AB740584C}.Release|Any CPU.ActiveCfg = Release|Any CPU
		{58E0C5EA-E542-42C2-8062-649AB740584C}.Release|Any CPU.Build.0 = Release|Any CPU
	EndGlobalSection
	GlobalSection(SolutionProperties) = preSolution
		HideSolutionNode = FALSE
	EndGlobalSection
	GlobalSection(ExtensibilityGlobals) = postSolution
		SolutionGuid = {4F0A144A-AC76-49EA-A08F-7BC5FE819898}
	EndGlobalSection
EndGlobal
